
Microsoft Visual Studio Solution File, Format Version 12.00
# Visual Studio Version 16
VisualStudioVersion = 16.0.30711.63
MinimumVisualStudioVersion = 10.0.40219.1
Project("{FAE04EC0-301F-11D3-BF4B-00C04F79EFBC}") = "HospitalGeneral", "HospitalGeneral\HospitalGeneral.csproj", "{A5B37663-BDBF-443A-88E5-B09C2C058276}"
EndProject
Global
	GlobalSection(SolutionConfigurationPlatforms) = preSolution
		Debug|Any CPU = Debug|Any CPU
		Release|Any CPU = Release|Any CPU
	EndGlobalSection
	GlobalSection(ProjectConfigurationPlatforms) = postSolution
		{A5B37663-BDBF-443A-88E5-B09C2C058276}.Debug|Any CPU.ActiveCfg = Debug|Any CPU
		{A5B37663-BDBF-443A-88E5-B09C2C058276}.Debug|Any CPU.Build.0 = Debug|Any CPU
		{A5B37663-BDBF-443A-88E5-B09C2C058276}.Release|Any CPU.ActiveCfg = Release|Any CPU
		{A5B37663-BDBF-443A-88E5-B09C2C058276}.Release|Any CPU.Build.0 = Release|Any CPU
	EndGlobalSection
	GlobalSection(SolutionProperties) = preSolution
		HideSolutionNode = FALSE
	EndGlobalSection
	GlobalSection(ExtensibilityGlobals) = postSolution
		SolutionGuid = {79AD183F-A322-4544-BFAC-1A515FF63BAF}
	EndGlobalSection
EndGlobal
